name: 'Protect Branch: Make Read-Only'

on:
  workflow_dispatch:
    inputs:
      branch_name:
        description: 'The name of the branch to protect (e.g., main)'
        required: true
        default: 'develop'

jobs:
  protect-branch:
    runs-on: ubuntu-latest

    steps:
      - name: 'Checkout Repository'
        uses: actions/checkout@v4

      - name: 'Apply Read-Only Branch Protection'
        env:
          GH_TOKEN: ${{ secrets.PAT_TOKEN }}
          BRANCH: ${{ github.event.inputs.branch_name }}
        run: |
          echo "Applying read-only protection rules to branch: $BRANCH"

          gh api \
            --method PUT \
            -H "Accept: application/vnd.github+json" \
            -H "X-GitHub-Api-Version: 2022-11-28" \
            /repos/OWNER/REPO/branches/$BRANCH/protection \
            -f 'required_status_checks={"strict":true,"contexts":["continuous-integration/travis-ci"]}' \
            -f 'enforce_admins=true' \
            -f 'required_pull_request_reviews={
                  "dismiss_stale_reviews": true,
                  "require_code_owner_reviews": true,
                  "required_approving_review_count": 2,
                  "require_last_push_approval": true
                }' \
            -f 'dismissal_restrictions={
                  "users": ["octocat"],
                  "teams": ["justice-league"]
                }' \
            -f 'bypass_pull_request_allowances={
                  "users": ["octocat"],
                  "teams": ["justice-league"]
                }' \
            -f 'restrictions={
                  "users": ["octocat"],
                  "teams": ["justice-league"],
                  "apps": ["super-ci"]
                }' \
            -f 'required_linear_history=true' \
            -f 'allow_force_pushes=true' \
            -f 'allow_deletions=true' \
            -f 'block_creations=true' \
            -f 'required_conversation_resolution=true' \
            -f 'lock_branch=true' \
            -f 'allow_fork_syncing=true'

          echo "Successfully applied protection rules to branch: $BRANCH"
